
Microsoft Visual Studio Solution File, Format Version 12.00
# Visual Studio Version 16
VisualStudioVersion = 16.0.31605.320
MinimumVisualStudioVersion = 10.0.40219.1
Project("{FAE04EC0-301F-11D3-BF4B-00C04F79EFBC}") = "SimsBolnica", "SimsBolnica.csproj", "{6A855AC2-549B-4F36-BDC3-A48CA8E0E58E}"
EndProject
Global
	GlobalSection(SolutionConfigurationPlatforms) = preSolution
		Debug|Any CPU = Debug|Any CPU
		Release|Any CPU = Release|Any CPU
	EndGlobalSection
	GlobalSection(ProjectConfigurationPlatforms) = postSolution
		{6A855AC2-549B-4F36-BDC3-A48CA8E0E58E}.Debug|Any CPU.ActiveCfg = Debug|Any CPU
		{6A855AC2-549B-4F36-BDC3-A48CA8E0E58E}.Debug|Any CPU.Build.0 = Debug|Any CPU
		{6A855AC2-549B-4F36-BDC3-A48CA8E0E58E}.Release|Any CPU.ActiveCfg = Release|Any CPU
		{6A855AC2-549B-4F36-BDC3-A48CA8E0E58E}.Release|Any CPU.Build.0 = Release|Any CPU
	EndGlobalSection
	GlobalSection(SolutionProperties) = preSolution
		HideSolutionNode = FALSE
	EndGlobalSection
	GlobalSection(ExtensibilityGlobals) = postSolution
		SolutionGuid = {97EAA92D-5679-4A3A-AA3B-6A52A2F1B64C}
	EndGlobalSection
EndGlobal
